
Microsoft Visual Studio Solution File, Format Version 12.00
# Visual Studio Version 16
VisualStudioVersion = 16.0.29411.108
MinimumVisualStudioVersion = 10.0.40219.1
Project("{FAE04EC0-301F-11D3-BF4B-00C04F79EFBC}") = "MyKb", "MyKb\MyKb.csproj", "{52B2DF3C-C299-4515-9709-5A8823359E3D}"
EndProject
Global
	GlobalSection(SolutionConfigurationPlatforms) = preSolution
		Debug|Any CPU = Debug|Any CPU
		Release|Any CPU = Release|Any CPU
	EndGlobalSection
	GlobalSection(ProjectConfigurationPlatforms) = postSolution
		{52B2DF3C-C299-4515-9709-5A8823359E3D}.Debug|Any CPU.ActiveCfg = Debug|Any CPU
		{52B2DF3C-C299-4515-9709-5A8823359E3D}.Debug|Any CPU.Build.0 = Debug|Any CPU
		{52B2DF3C-C299-4515-9709-5A8823359E3D}.Release|Any CPU.ActiveCfg = Release|Any CPU
		{52B2DF3C-C299-4515-9709-5A8823359E3D}.Release|Any CPU.Build.0 = Release|Any CPU
	EndGlobalSection
	GlobalSection(SolutionProperties) = preSolution
		HideSolutionNode = FALSE
	EndGlobalSection
	GlobalSection(ExtensibilityGlobals) = postSolution
		SolutionGuid = {7FA20E59-A043-4426-AF87-56AA62BA6E0A}
	EndGlobalSection
EndGlobal
